{
  "name": "thexbossapi",
  "lockfileVersion": 2,
  "requires": true,
  "packages": {
    "": {
      "dependencies": {
        "@types/draftjs-to-html": "^0.8.1"
      }
    },
    "node_modules/@types/draft-js": {
      "version": "0.11.8",
      "resolved": "https://registry.npmjs.org/@types/draft-js/-/draft-js-0.11.8.tgz",
      "integrity": "sha512-WddWQKbjbVEeJEuwS7oczvaVGsfML141ywwgpFeKE2E+NI9/Qk+AU/xTd6A7/dNsS8lf3ziubm8WugrttwQk2g==",
      "dependencies": {
        "@types/react": "*",
        "immutable": "~3.7.4"
      }
    },
    "node_modules/@types/draftjs-to-html": {
      "version": "0.8.1",
      "resolved": "https://registry.npmjs.org/@types/draftjs-to-html/-/draftjs-to-html-0.8.1.tgz",
      "integrity": "sha512-NBkphQs+qZ/sAz/j1pCUaxkPAOx00LTsE88aMSSfcvK+UfCpjHJDqIMCkm6wKotuJvY5w0BtdRazQ0sAaXzPdg==",
      "dependencies": {
        "@types/draft-js": "*"
      }
    },
    "node_modules/@types/prop-types": {
      "version": "15.7.4",
      "resolved": "https://registry.npmjs.org/@types/prop-types/-/prop-types-15.7.4.tgz",
      "integrity": "sha512-rZ5drC/jWjrArrS8BR6SIr4cWpW09RNTYt9AMZo3Jwwif+iacXAqgVjm0B0Bv/S1jhDXKHqRVNCbACkJ89RAnQ=="
    },
    "node_modules/@types/react": {
      "version": "17.0.38",
      "resolved": "https://registry.npmjs.org/@types/react/-/react-17.0.38.tgz",
      "integrity": "sha512-SI92X1IA+FMnP3qM5m4QReluXzhcmovhZnLNm3pyeQlooi02qI7sLiepEYqT678uNiyc25XfCqxREFpy3W7YhQ==",
      "dependencies": {
        "@types/prop-types": "*",
        "@types/scheduler": "*",
        "csstype": "^3.0.2"
      }
    },
    "node_modules/@types/scheduler": {
      "version": "0.16.2",
      "resolved": "https://registry.npmjs.org/@types/scheduler/-/scheduler-0.16.2.tgz",
      "integrity": "sha512-hppQEBDmlwhFAXKJX2KnWLYu5yMfi91yazPb2l+lbJiwW+wdo1gNeRA+3RgNSO39WYX2euey41KEwnqesU2Jew=="
    },
    "node_modules/csstype": {
      "version": "3.0.10",
      "resolved": "https://registry.npmjs.org/csstype/-/csstype-3.0.10.tgz",
      "integrity": "sha512-2u44ZG2OcNUO9HDp/Jl8C07x6pU/eTR3ncV91SiK3dhG9TWvRVsCoJw14Ckx5DgWkzGA3waZWO3d7pgqpUI/XA=="
    },
    "node_modules/immutable": {
      "version": "3.7.6",
      "resolved": "https://registry.npmjs.org/immutable/-/immutable-3.7.6.tgz",
      "integrity": "sha1-E7TTyxK++hVIKib+Gy665kAHHks=",
      "engines": {
        "node": ">=0.8.0"
      }
    }
  },
  "dependencies": {
    "@types/draft-js": {
      "version": "0.11.8",
      "resolved": "https://registry.npmjs.org/@types/draft-js/-/draft-js-0.11.8.tgz",
      "integrity": "sha512-WddWQKbjbVEeJEuwS7oczvaVGsfML141ywwgpFeKE2E+NI9/Qk+AU/xTd6A7/dNsS8lf3ziubm8WugrttwQk2g==",
      "requires": {
        "@types/react": "*",
        "immutable": "~3.7.4"
      }
    },
    "@types/draftjs-to-html": {
      "version": "0.8.1",
      "resolved": "https://registry.npmjs.org/@types/draftjs-to-html/-/draftjs-to-html-0.8.1.tgz",
      "integrity": "sha512-NBkphQs+qZ/sAz/j1pCUaxkPAOx00LTsE88aMSSfcvK+UfCpjHJDqIMCkm6wKotuJvY5w0BtdRazQ0sAaXzPdg==",
      "requires": {
        "@types/draft-js": "*"
      }
    },
    "@types/prop-types": {
      "version": "15.7.4",
      "resolved": "https://registry.npmjs.org/@types/prop-types/-/prop-types-15.7.4.tgz",
      "integrity": "sha512-rZ5drC/jWjrArrS8BR6SIr4cWpW09RNTYt9AMZo3Jwwif+iacXAqgVjm0B0Bv/S1jhDXKHqRVNCbACkJ89RAnQ=="
    },
    "@types/react": {
      "version": "17.0.38",
      "resolved": "https://registry.npmjs.org/@types/react/-/react-17.0.38.tgz",
      "integrity": "sha512-SI92X1IA+FMnP3qM5m4QReluXzhcmovhZnLNm3pyeQlooi02qI7sLiepEYqT678uNiyc25XfCqxREFpy3W7YhQ==",
      "requires": {
        "@types/prop-types": "*",
        "@types/scheduler": "*",
        "csstype": "^3.0.2"
      }
    },
    "@types/scheduler": {
      "version": "0.16.2",
      "resolved": "https://registry.npmjs.org/@types/scheduler/-/scheduler-0.16.2.tgz",
      "integrity": "sha512-hppQEBDmlwhFAXKJX2KnWLYu5yMfi91yazPb2l+lbJiwW+wdo1gNeRA+3RgNSO39WYX2euey41KEwnqesU2Jew=="
    },
    "csstype": {
      "version": "3.0.10",
      "resolved": "https://registry.npmjs.org/csstype/-/csstype-3.0.10.tgz",
      "integrity": "sha512-2u44ZG2OcNUO9HDp/Jl8C07x6pU/eTR3ncV91SiK3dhG9TWvRVsCoJw14Ckx5DgWkzGA3waZWO3d7pgqpUI/XA=="
    },
    "immutable": {
      "version": "3.7.6",
      "resolved": "https://registry.npmjs.org/immutable/-/immutable-3.7.6.tgz",
      "integrity": "sha1-E7TTyxK++hVIKib+Gy665kAHHks="
    }
  }
}
